
Microsoft Visual Studio Solution File, Format Version 12.00
# Visual Studio Version 16
VisualStudioVersion = 16.0.28621.142
MinimumVisualStudioVersion = 10.0.40219.1
Project("{6EC3EE1D-3C4E-46DD-8F32-0CC8E7565705}") = "vslint", "src\vslint\vslint.fsproj", "{296D65EA-EA63-4856-907B-E0037826EC62}"
EndProject
Project("{6EC3EE1D-3C4E-46DD-8F32-0CC8E7565705}") = "vslint.Tests", "test\vslint.Tests\vslint.Tests.fsproj", "{D095F3E9-2A47-42CB-B408-92B3773DD019}"
EndProject
Project("{2150E333-8FDC-42A3-9474-1A3956D46DE8}") = "Solution Items", "Solution Items", "{19C487B8-04A7-4124-BD10-09D9EC207430}"
	ProjectSection(SolutionItems) = preProject
		.editorconfig = .editorconfig
		.gitignore = .gitignore
		Directory.Build.props = Directory.Build.props
		README.md = README.md
	EndProjectSection
EndProject
Project("{6EC3EE1D-3C4E-46DD-8F32-0CC8E7565705}") = "vslint.Core", "src\vslint.Core\vslint.Core.fsproj", "{E2035298-C7F6-4E3B-830F-1E5125BF5044}"
EndProject
Project("{2150E333-8FDC-42A3-9474-1A3956D46DE8}") = "src", "src", "{6DE19761-4486-48EA-B8FA-64EA3B827693}"
EndProject
Project("{2150E333-8FDC-42A3-9474-1A3956D46DE8}") = "test", "test", "{027D014D-7F93-4FB2-90FD-9135140B4735}"
EndProject
Project("{6EC3EE1D-3C4E-46DD-8F32-0CC8E7565705}") = "dotnet-vslint", "src\dotnet-vslint\dotnet-vslint.fsproj", "{41FA18C0-7BC1-484F-8082-9C3082BC03D6}"
EndProject
Global
	GlobalSection(SolutionConfigurationPlatforms) = preSolution
		Debug|Any CPU = Debug|Any CPU
		Release|Any CPU = Release|Any CPU
	EndGlobalSection
	GlobalSection(ProjectConfigurationPlatforms) = postSolution
		{296D65EA-EA63-4856-907B-E0037826EC62}.Debug|Any CPU.ActiveCfg = Debug|Any CPU
		{296D65EA-EA63-4856-907B-E0037826EC62}.Debug|Any CPU.Build.0 = Debug|Any CPU
		{296D65EA-EA63-4856-907B-E0037826EC62}.Release|Any CPU.ActiveCfg = Release|Any CPU
		{296D65EA-EA63-4856-907B-E0037826EC62}.Release|Any CPU.Build.0 = Release|Any CPU
		{D095F3E9-2A47-42CB-B408-92B3773DD019}.Debug|Any CPU.ActiveCfg = Debug|Any CPU
		{D095F3E9-2A47-42CB-B408-92B3773DD019}.Debug|Any CPU.Build.0 = Debug|Any CPU
		{D095F3E9-2A47-42CB-B408-92B3773DD019}.Release|Any CPU.ActiveCfg = Release|Any CPU
		{D095F3E9-2A47-42CB-B408-92B3773DD019}.Release|Any CPU.Build.0 = Release|Any CPU
		{E2035298-C7F6-4E3B-830F-1E5125BF5044}.Debug|Any CPU.ActiveCfg = Debug|Any CPU
		{E2035298-C7F6-4E3B-830F-1E5125BF5044}.Debug|Any CPU.Build.0 = Debug|Any CPU
		{E2035298-C7F6-4E3B-830F-1E5125BF5044}.Release|Any CPU.ActiveCfg = Release|Any CPU
		{E2035298-C7F6-4E3B-830F-1E5125BF5044}.Release|Any CPU.Build.0 = Release|Any CPU
		{41FA18C0-7BC1-484F-8082-9C3082BC03D6}.Debug|Any CPU.ActiveCfg = Debug|Any CPU
		{41FA18C0-7BC1-484F-8082-9C3082BC03D6}.Debug|Any CPU.Build.0 = Debug|Any CPU
		{41FA18C0-7BC1-484F-8082-9C3082BC03D6}.Release|Any CPU.ActiveCfg = Release|Any CPU
		{41FA18C0-7BC1-484F-8082-9C3082BC03D6}.Release|Any CPU.Build.0 = Release|Any CPU
	EndGlobalSection
	GlobalSection(SolutionProperties) = preSolution
		HideSolutionNode = FALSE
	EndGlobalSection
	GlobalSection(NestedProjects) = preSolution
		{296D65EA-EA63-4856-907B-E0037826EC62} = {6DE19761-4486-48EA-B8FA-64EA3B827693}
		{D095F3E9-2A47-42CB-B408-92B3773DD019} = {027D014D-7F93-4FB2-90FD-9135140B4735}
		{E2035298-C7F6-4E3B-830F-1E5125BF5044} = {6DE19761-4486-48EA-B8FA-64EA3B827693}
		{41FA18C0-7BC1-484F-8082-9C3082BC03D6} = {6DE19761-4486-48EA-B8FA-64EA3B827693}
	EndGlobalSection
	GlobalSection(ExtensibilityGlobals) = postSolution
		SolutionGuid = {C4708BC8-9D59-4547-B9D5-7738B986C4B5}
	EndGlobalSection
EndGlobal
